
Microsoft Visual Studio Solution File, Format Version 12.00
# Visual Studio Version 17
VisualStudioVersion = 17.10.34916.146
MinimumVisualStudioVersion = 10.0.40219.1
Project("{9A19103F-16F7-4668-BE54-9A1E7A4F7556}") = "NaturalMerge", "NaturalMerge.csproj", "{1428597B-ECB2-4A40-9B25-CA1E938BD6C3}"
EndProject
Global
	GlobalSection(SolutionConfigurationPlatforms) = preSolution
		Debug|Any CPU = Debug|Any CPU
		Release|Any CPU = Release|Any CPU
	EndGlobalSection
	GlobalSection(ProjectConfigurationPlatforms) = postSolution
		{1428597B-ECB2-4A40-9B25-CA1E938BD6C3}.Debug|Any CPU.ActiveCfg = Debug|Any CPU
		{1428597B-ECB2-4A40-9B25-CA1E938BD6C3}.Debug|Any CPU.Build.0 = Debug|Any CPU
		{1428597B-ECB2-4A40-9B25-CA1E938BD6C3}.Release|Any CPU.ActiveCfg = Release|Any CPU
		{1428597B-ECB2-4A40-9B25-CA1E938BD6C3}.Release|Any CPU.Build.0 = Release|Any CPU
	EndGlobalSection
	GlobalSection(SolutionProperties) = preSolution
		HideSolutionNode = FALSE
	EndGlobalSection
	GlobalSection(ExtensibilityGlobals) = postSolution
		SolutionGuid = {9ED2CBBC-028A-4510-B891-B5D0B872E0F1}
	EndGlobalSection
EndGlobal
